
Microsoft Visual Studio Solution File, Format Version 12.00
# Visual Studio Version 17
VisualStudioVersion = 17.2.32630.192
MinimumVisualStudioVersion = 10.0.40219.1
Project("{FAE04EC0-301F-11D3-BF4B-00C04F79EFBC}") = "Delegats", "Delegats\Delegats.csproj", "{F33C63FB-E969-4A7E-8A43-C0E4617CDD3A}"
EndProject
Global
	GlobalSection(SolutionConfigurationPlatforms) = preSolution
		Debug|Any CPU = Debug|Any CPU
		Release|Any CPU = Release|Any CPU
	EndGlobalSection
	GlobalSection(ProjectConfigurationPlatforms) = postSolution
		{F33C63FB-E969-4A7E-8A43-C0E4617CDD3A}.Debug|Any CPU.ActiveCfg = Debug|Any CPU
		{F33C63FB-E969-4A7E-8A43-C0E4617CDD3A}.Debug|Any CPU.Build.0 = Debug|Any CPU
		{F33C63FB-E969-4A7E-8A43-C0E4617CDD3A}.Release|Any CPU.ActiveCfg = Release|Any CPU
		{F33C63FB-E969-4A7E-8A43-C0E4617CDD3A}.Release|Any CPU.Build.0 = Release|Any CPU
	EndGlobalSection
	GlobalSection(SolutionProperties) = preSolution
		HideSolutionNode = FALSE
	EndGlobalSection
	GlobalSection(ExtensibilityGlobals) = postSolution
		SolutionGuid = {56866F37-54A5-4974-A898-5691ABF52334}
	EndGlobalSection
EndGlobal
